
Microsoft Visual Studio Solution File, Format Version 12.00
# Visual Studio Version 17
VisualStudioVersion = 17.10.34928.147
MinimumVisualStudioVersion = 10.0.40219.1
Project("{FAE04EC0-301F-11D3-BF4B-00C04F79EFBC}") = "ReduceFakeInteriorShadow", "ReduceFakeInteriorShadow.csproj", "{6CB4579C-7517-6A5B-DEF3-E44F7A41DDF5}"
EndProject
Global
	GlobalSection(SolutionConfigurationPlatforms) = preSolution
		Debug|Any CPU = Debug|Any CPU
		Package|Any CPU = Package|Any CPU
		Release|Any CPU = Release|Any CPU
	EndGlobalSection
	GlobalSection(ProjectConfigurationPlatforms) = postSolution
		{6CB4579C-7517-6A5B-DEF3-E44F7A41DDF5}.Debug|Any CPU.ActiveCfg = Debug|Any CPU
		{6CB4579C-7517-6A5B-DEF3-E44F7A41DDF5}.Debug|Any CPU.Build.0 = Debug|Any CPU
		{6CB4579C-7517-6A5B-DEF3-E44F7A41DDF5}.Package|Any CPU.ActiveCfg = Package|Any CPU
		{6CB4579C-7517-6A5B-DEF3-E44F7A41DDF5}.Package|Any CPU.Build.0 = Package|Any CPU
		{6CB4579C-7517-6A5B-DEF3-E44F7A41DDF5}.Release|Any CPU.ActiveCfg = Release|Any CPU
		{6CB4579C-7517-6A5B-DEF3-E44F7A41DDF5}.Release|Any CPU.Build.0 = Release|Any CPU
	EndGlobalSection
	GlobalSection(SolutionProperties) = preSolution
		HideSolutionNode = FALSE
	EndGlobalSection
	GlobalSection(ExtensibilityGlobals) = postSolution
		SolutionGuid = {09F9952E-ECA7-4B79-A94D-0FBCDA1BC1B4}
	EndGlobalSection
EndGlobal
